
Microsoft Visual Studio Solution File, Format Version 12.00
# Visual Studio 15
VisualStudioVersion = 15.0.27004.2002
MinimumVisualStudioVersion = 10.0.40219.1
Project("{9A19103F-16F7-4668-BE54-9A1E7A4F7556}") = "Billy.Bot", "Billy.Bot\Billy.Bot.csproj", "{444547F2-E5EA-4956-B7A5-3740AC0CC1B6}"
EndProject
Project("{9A19103F-16F7-4668-BE54-9A1E7A4F7556}") = "Billy.LongPoll", "Billy.LongPoll\Billy.LongPoll.csproj", "{253C4AF7-DAE5-4A47-BD37-883C9C462289}"
EndProject
Project("{9A19103F-16F7-4668-BE54-9A1E7A4F7556}") = "Billy.API", "Billy.API\Billy.API.csproj", "{26F60FD3-21D3-404B-AB59-18AD69098E96}"
EndProject
Project("{9A19103F-16F7-4668-BE54-9A1E7A4F7556}") = "Billy.Models", "Billy.Models\Billy.Models.csproj", "{31B3121A-8CDE-4073-9EDC-9730025FB06A}"
EndProject
Project("{FAE04EC0-301F-11D3-BF4B-00C04F79EFBC}") = "Billy.Exceptions", "Billy.Exceptions\Billy.Exceptions.csproj", "{2C36DDF1-C298-4255-9D23-3F65A000E00C}"
EndProject
Project("{FAE04EC0-301F-11D3-BF4B-00C04F79EFBC}") = "Billy.Enums", "Billy.Enums\Billy.Enums.csproj", "{29AF893F-EEF9-4993-B000-B904735B2188}"
EndProject
Global
	GlobalSection(SolutionConfigurationPlatforms) = preSolution
		Debug|Any CPU = Debug|Any CPU
		Release|Any CPU = Release|Any CPU
	EndGlobalSection
	GlobalSection(ProjectConfigurationPlatforms) = postSolution
		{444547F2-E5EA-4956-B7A5-3740AC0CC1B6}.Debug|Any CPU.ActiveCfg = Debug|Any CPU
		{444547F2-E5EA-4956-B7A5-3740AC0CC1B6}.Debug|Any CPU.Build.0 = Debug|Any CPU
		{444547F2-E5EA-4956-B7A5-3740AC0CC1B6}.Release|Any CPU.ActiveCfg = Release|Any CPU
		{444547F2-E5EA-4956-B7A5-3740AC0CC1B6}.Release|Any CPU.Build.0 = Release|Any CPU
		{253C4AF7-DAE5-4A47-BD37-883C9C462289}.Debug|Any CPU.ActiveCfg = Debug|Any CPU
		{253C4AF7-DAE5-4A47-BD37-883C9C462289}.Debug|Any CPU.Build.0 = Debug|Any CPU
		{253C4AF7-DAE5-4A47-BD37-883C9C462289}.Release|Any CPU.ActiveCfg = Release|Any CPU
		{253C4AF7-DAE5-4A47-BD37-883C9C462289}.Release|Any CPU.Build.0 = Release|Any CPU
		{26F60FD3-21D3-404B-AB59-18AD69098E96}.Debug|Any CPU.ActiveCfg = Debug|Any CPU
		{26F60FD3-21D3-404B-AB59-18AD69098E96}.Debug|Any CPU.Build.0 = Debug|Any CPU
		{26F60FD3-21D3-404B-AB59-18AD69098E96}.Release|Any CPU.ActiveCfg = Release|Any CPU
		{26F60FD3-21D3-404B-AB59-18AD69098E96}.Release|Any CPU.Build.0 = Release|Any CPU
		{31B3121A-8CDE-4073-9EDC-9730025FB06A}.Debug|Any CPU.ActiveCfg = Debug|Any CPU
		{31B3121A-8CDE-4073-9EDC-9730025FB06A}.Debug|Any CPU.Build.0 = Debug|Any CPU
		{31B3121A-8CDE-4073-9EDC-9730025FB06A}.Release|Any CPU.ActiveCfg = Release|Any CPU
		{31B3121A-8CDE-4073-9EDC-9730025FB06A}.Release|Any CPU.Build.0 = Release|Any CPU
		{2C36DDF1-C298-4255-9D23-3F65A000E00C}.Debug|Any CPU.ActiveCfg = Debug|Any CPU
		{2C36DDF1-C298-4255-9D23-3F65A000E00C}.Debug|Any CPU.Build.0 = Debug|Any CPU
		{2C36DDF1-C298-4255-9D23-3F65A000E00C}.Release|Any CPU.ActiveCfg = Release|Any CPU
		{2C36DDF1-C298-4255-9D23-3F65A000E00C}.Release|Any CPU.Build.0 = Release|Any CPU
		{29AF893F-EEF9-4993-B000-B904735B2188}.Debug|Any CPU.ActiveCfg = Debug|Any CPU
		{29AF893F-EEF9-4993-B000-B904735B2188}.Debug|Any CPU.Build.0 = Debug|Any CPU
		{29AF893F-EEF9-4993-B000-B904735B2188}.Release|Any CPU.ActiveCfg = Release|Any CPU
		{29AF893F-EEF9-4993-B000-B904735B2188}.Release|Any CPU.Build.0 = Release|Any CPU
	EndGlobalSection
	GlobalSection(SolutionProperties) = preSolution
		HideSolutionNode = FALSE
	EndGlobalSection
	GlobalSection(ExtensibilityGlobals) = postSolution
		SolutionGuid = {1D02DFBB-F79B-4793-B25E-B7EE5A5995AD}
	EndGlobalSection
EndGlobal
